
Microsoft Visual Studio Solution File, Format Version 12.00
# Visual Studio Version 17
VisualStudioVersion = 17.0.31903.59
MinimumVisualStudioVersion = 10.0.40219.1
Project("{FAE04EC0-301F-11D3-BF4B-00C04F79EFBC}") = "API", "API\API.csproj", "{1E07CDE3-2E2A-478A-B3B1-794E08E5F87D}"
EndProject
Project("{FAE04EC0-301F-11D3-BF4B-00C04F79EFBC}") = "Core", "Core\Core.csproj", "{C49A3F40-690F-477D-9957-62F10920FEF6}"
EndProject
Project("{FAE04EC0-301F-11D3-BF4B-00C04F79EFBC}") = "Infrastructure", "Infrastructure\Infrastructure.csproj", "{3EB500C7-4ABD-47D2-8F36-CE1EA86F61DA}"
EndProject
Global
	GlobalSection(SolutionConfigurationPlatforms) = preSolution
		Debug|Any CPU = Debug|Any CPU
		Release|Any CPU = Release|Any CPU
	EndGlobalSection
	GlobalSection(SolutionProperties) = preSolution
		HideSolutionNode = FALSE
	EndGlobalSection
	GlobalSection(ProjectConfigurationPlatforms) = postSolution
		{1E07CDE3-2E2A-478A-B3B1-794E08E5F87D}.Debug|Any CPU.ActiveCfg = Debug|Any CPU
		{1E07CDE3-2E2A-478A-B3B1-794E08E5F87D}.Debug|Any CPU.Build.0 = Debug|Any CPU
		{1E07CDE3-2E2A-478A-B3B1-794E08E5F87D}.Release|Any CPU.ActiveCfg = Release|Any CPU
		{1E07CDE3-2E2A-478A-B3B1-794E08E5F87D}.Release|Any CPU.Build.0 = Release|Any CPU
		{C49A3F40-690F-477D-9957-62F10920FEF6}.Debug|Any CPU.ActiveCfg = Debug|Any CPU
		{C49A3F40-690F-477D-9957-62F10920FEF6}.Debug|Any CPU.Build.0 = Debug|Any CPU
		{C49A3F40-690F-477D-9957-62F10920FEF6}.Release|Any CPU.ActiveCfg = Release|Any CPU
		{C49A3F40-690F-477D-9957-62F10920FEF6}.Release|Any CPU.Build.0 = Release|Any CPU
		{3EB500C7-4ABD-47D2-8F36-CE1EA86F61DA}.Debug|Any CPU.ActiveCfg = Debug|Any CPU
		{3EB500C7-4ABD-47D2-8F36-CE1EA86F61DA}.Debug|Any CPU.Build.0 = Debug|Any CPU
		{3EB500C7-4ABD-47D2-8F36-CE1EA86F61DA}.Release|Any CPU.ActiveCfg = Release|Any CPU
		{3EB500C7-4ABD-47D2-8F36-CE1EA86F61DA}.Release|Any CPU.Build.0 = Release|Any CPU
	EndGlobalSection
EndGlobal
